
Microsoft Visual Studio Solution File, Format Version 12.00
# Visual Studio Version 17
VisualStudioVersion = 17.11.35312.102
MinimumVisualStudioVersion = 10.0.40219.1
Project("{FAE04EC0-301F-11D3-BF4B-00C04F79EFBC}") = "todolist-api", "todolist-api\todolist-api.csproj", "{DC19B37E-7BAD-4F0B-8D51-9DB90F76B72E}"
EndProject
Global
	GlobalSection(SolutionConfigurationPlatforms) = preSolution
		Debug|Any CPU = Debug|Any CPU
		Release|Any CPU = Release|Any CPU
	EndGlobalSection
	GlobalSection(ProjectConfigurationPlatforms) = postSolution
		{DC19B37E-7BAD-4F0B-8D51-9DB90F76B72E}.Debug|Any CPU.ActiveCfg = Debug|Any CPU
		{DC19B37E-7BAD-4F0B-8D51-9DB90F76B72E}.Debug|Any CPU.Build.0 = Debug|Any CPU
		{DC19B37E-7BAD-4F0B-8D51-9DB90F76B72E}.Release|Any CPU.ActiveCfg = Release|Any CPU
		{DC19B37E-7BAD-4F0B-8D51-9DB90F76B72E}.Release|Any CPU.Build.0 = Release|Any CPU
	EndGlobalSection
	GlobalSection(SolutionProperties) = preSolution
		HideSolutionNode = FALSE
	EndGlobalSection
	GlobalSection(ExtensibilityGlobals) = postSolution
		SolutionGuid = {6AE9395D-0246-4503-B479-EA662C6146F1}
	EndGlobalSection
EndGlobal
